# Generated by pub
# See http://pub.dartlang.org/doc/glossary.html#lockfile
packages:
  analyzer:
    description:
      name: analyzer
      url: "https://pub.dartlang.org"
    source: hosted
    version: "0.30.0+4"
  args:
    description:
      name: args
      url: "https://pub.dartlang.org"
    source: hosted
    version: "0.13.7"
  async:
    description:
      name: async
      url: "https://pub.dartlang.org"
    source: hosted
    version: "1.13.3"
  barback:
    description:
      name: barback
      url: "https://pub.dartlang.org"
    source: hosted
    version: "0.15.2+13"
  boolean_selector:
    description:
      name: boolean_selector
      url: "https://pub.dartlang.org"
    source: hosted
    version: "1.0.2"
  charcode:
    description:
      name: charcode
      url: "https://pub.dartlang.org"
    source: hosted
    version: "1.1.1"
  cli_util:
    description:
      name: cli_util
      url: "https://pub.dartlang.org"
    source: hosted
    version: "0.1.2+1"
  collection:
    description:
      name: collection
      url: "https://pub.dartlang.org"
    source: hosted
    version: "1.14.3"
  convert:
    description:
      name: convert
      url: "https://pub.dartlang.org"
    source: hosted
    version: "2.0.1"
  crypto:
    description:
      name: crypto
      url: "https://pub.dartlang.org"
    source: hosted
    version: "2.0.2+1"
  csslib:
    description:
      name: csslib
      url: "https://pub.dartlang.org"
    source: hosted
    version: "0.14.1"
  flutter:
    description: flutter
    source: sdk
    version: "0.0.40"
  flutter_test:
    description: flutter
    source: sdk
    version: "0.0.18"
  front_end:
    description:
      name: front_end
      url: "https://pub.dartlang.org"
    source: hosted
    version: "0.1.0-alpha.4.1"
  glob:
    description:
      name: glob
      url: "https://pub.dartlang.org"
    source: hosted
    version: "1.1.5"
  html:
    description:
      name: html
      url: "https://pub.dartlang.org"
    source: hosted
    version: "0.13.2+1"
  http:
    description:
      name: http
      url: "https://pub.dartlang.org"
    source: hosted
    version: "0.11.3+14"
  http_multi_server:
    description:
      name: http_multi_server
      url: "https://pub.dartlang.org"
    source: hosted
    version: "2.0.4"
  http_parser:
    description:
      name: http_parser
      url: "https://pub.dartlang.org"
    source: hosted
    version: "3.1.1"
  io:
    description:
      name: io
      url: "https://pub.dartlang.org"
    source: hosted
    version: "0.3.0"
  isolate:
    description:
      name: isolate
      url: "https://pub.dartlang.org"
    source: hosted
    version: "1.1.0"
  js:
    description:
      name: js
      url: "https://pub.dartlang.org"
    source: hosted
    version: "0.6.1"
  kernel:
    description:
      name: kernel
      url: "https://pub.dartlang.org"
    source: hosted
    version: "0.3.0-alpha.1.1"
  logging:
    description:
      name: logging
      url: "https://pub.dartlang.org"
    source: hosted
    version: "0.11.3+1"
  matcher:
    description:
      name: matcher
      url: "https://pub.dartlang.org"
    source: hosted
    version: "0.12.1+4"
  meta:
    description:
      name: meta
      url: "https://pub.dartlang.org"
    source: hosted
    version: "1.1.1"
  mime:
    description:
      name: mime
      url: "https://pub.dartlang.org"
    source: hosted
    version: "0.9.4"
  mockito:
    description:
      name: mockito
      url: "https://pub.dartlang.org"
    source: hosted
    version: "2.2.0"
  node_preamble:
    description:
      name: node_preamble
      url: "https://pub.dartlang.org"
    source: hosted
    version: "1.4.0"
  package_config:
    description:
      name: package_config
      url: "https://pub.dartlang.org"
    source: hosted
    version: "1.0.3"
  package_resolver:
    description:
      name: package_resolver
      url: "https://pub.dartlang.org"
    source: hosted
    version: "1.0.2"
  path:
    description:
      name: path
      url: "https://pub.dartlang.org"
    source: hosted
    version: "1.4.2"
  plugin:
    description:
      name: plugin
      url: "https://pub.dartlang.org"
    source: hosted
    version: "0.2.0+2"
  pool:
    description:
      name: pool
      url: "https://pub.dartlang.org"
    source: hosted
    version: "1.3.3"
  pub_semver:
    description:
      name: pub_semver
      url: "https://pub.dartlang.org"
    source: hosted
    version: "1.3.2"
  quiver:
    description:
      name: quiver
      url: "https://pub.dartlang.org"
    source: hosted
    version: "0.26.2"
  shelf:
    description:
      name: shelf
      url: "https://pub.dartlang.org"
    source: hosted
    version: "0.7.1"
  shelf_packages_handler:
    description:
      name: shelf_packages_handler
      url: "https://pub.dartlang.org"
    source: hosted
    version: "1.0.3"
  shelf_static:
    description:
      name: shelf_static
      url: "https://pub.dartlang.org"
    source: hosted
    version: "0.2.6"
  shelf_web_socket:
    description:
      name: shelf_web_socket
      url: "https://pub.dartlang.org"
    source: hosted
    version: "0.2.2"
  sky_engine:
    description:
      path: "..\\..\\..\\..\\flutter\\bin\\cache\\pkg\\sky_engine"
      relative: true
    source: path
    version: "0.0.99"
  source_map_stack_trace:
    description:
      name: source_map_stack_trace
      url: "https://pub.dartlang.org"
    source: hosted
    version: "1.1.4"
  source_maps:
    description:
      name: source_maps
      url: "https://pub.dartlang.org"
    source: hosted
    version: "0.10.4"
  source_span:
    description:
      name: source_span
      url: "https://pub.dartlang.org"
    source: hosted
    version: "1.4.0"
  stack_trace:
    description:
      name: stack_trace
      url: "https://pub.dartlang.org"
    source: hosted
    version: "1.9.0"
  stream_channel:
    description:
      name: stream_channel
      url: "https://pub.dartlang.org"
    source: hosted
    version: "1.6.2"
  string_scanner:
    description:
      name: string_scanner
      url: "https://pub.dartlang.org"
    source: hosted
    version: "1.0.2"
  term_glyph:
    description:
      name: term_glyph
      url: "https://pub.dartlang.org"
    source: hosted
    version: "1.0.0"
  test:
    description:
      name: test
      url: "https://pub.dartlang.org"
    source: hosted
    version: "0.12.26"
  typed_data:
    description:
      name: typed_data
      url: "https://pub.dartlang.org"
    source: hosted
    version: "1.1.4"
  utf:
    description:
      name: utf
      url: "https://pub.dartlang.org"
    source: hosted
    version: "0.9.0+3"
  vector_math:
    description:
      name: vector_math
      url: "https://pub.dartlang.org"
    source: hosted
    version: "2.0.5"
  watcher:
    description:
      name: watcher
      url: "https://pub.dartlang.org"
    source: hosted
    version: "0.9.7+4"
  web_socket_channel:
    description:
      name: web_socket_channel
      url: "https://pub.dartlang.org"
    source: hosted
    version: "1.0.6"
  yaml:
    description:
      name: yaml
      url: "https://pub.dartlang.org"
    source: hosted
    version: "2.1.13"
sdks:
  dart: ">=1.23.0 <2.0.0-dev.infinity"
