{
  "name": "ts",
  "version": "1.0.0",
  "lockfileVersion": 1,
  "requires": true,
  "dependencies": {
    "amdefine": {
      "version": "1.0.1",
      "resolved": "https://registry.npmjs.org/amdefine/-/amdefine-1.0.1.tgz",
      "integrity": "sha1-SlKCrBZHKek2Gbz9OtFR+BfOkfU="
    },
    "dart-style": {
      "version": "0.2.7",
      "resolved": "https://registry.npmjs.org/dart-style/-/dart-style-0.2.7.tgz",
      "integrity": "sha1-HtCUVG+ey+cp4RSETI3FXcS0Y+4="
    },
    "dart_js_facade_gen": {
      "version": "0.0.6",
      "resolved": "https://registry.npmjs.org/dart_js_facade_gen/-/dart_js_facade_gen-0.0.6.tgz",
      "integrity": "sha1-S3H2a2xemJCv2rGf9NRGSVnZot8=",
      "requires": {
        "dart-style": "^0.2.7",
        "minimist": "^1.1.1",
        "source-map": "^0.4.2",
        "source-map-support": "^0.3.1",
        "typescript": "v1.9.0-dev.20160409"
      }
    },
    "minimist": {
      "version": "1.2.0",
      "resolved": "https://registry.npmjs.org/minimist/-/minimist-1.2.0.tgz",
      "integrity": "sha1-o1AIsg9BOD7sH7kU9M1d95omQoQ="
    },
    "network-information-types": {
      "version": "0.1.0",
      "resolved": "https://registry.npmjs.org/network-information-types/-/network-information-types-0.1.0.tgz",
      "integrity": "sha512-cRUCYZoRHTMjYcgk5MbwqM0h0Za34panRxAJKY8n+mQ+NLMuRIw7aKzmaZqkC/cte7bnRcdfTwFA27GgN62EtQ=="
    },
    "source-map": {
      "version": "0.4.4",
      "resolved": "https://registry.npmjs.org/source-map/-/source-map-0.4.4.tgz",
      "integrity": "sha1-66T12pwNyZneaAMti092FzZSA2s=",
      "requires": {
        "amdefine": ">=0.0.4"
      }
    },
    "source-map-support": {
      "version": "0.3.3",
      "resolved": "https://registry.npmjs.org/source-map-support/-/source-map-support-0.3.3.tgz",
      "integrity": "sha1-NJAJd9W6PwfHdX7nLnO7GptTdU8=",
      "requires": {
        "source-map": "0.1.32"
      },
      "dependencies": {
        "source-map": {
          "version": "0.1.32",
          "resolved": "https://registry.npmjs.org/source-map/-/source-map-0.1.32.tgz",
          "integrity": "sha1-yLbBZ3l7pHQKjqMyUhYv8IWRsmY=",
          "requires": {
            "amdefine": ">=0.0.4"
          }
        }
      }
    },
    "typescript": {
      "version": "1.9.0-dev.20160409",
      "resolved": "https://registry.npmjs.org/typescript/-/typescript-1.9.0-dev.20160409.tgz",
      "integrity": "sha1-jGILh7+Ih9dnOLhZ0hnwR/ey6PU="
    }
  }
}
