{
  "name": "network-information-types-to-dart-generator",
  "version": "1.0.0",
  "lockfileVersion": 1,
  "requires": true,
  "dependencies": {
    "@types/chai": {
      "version": "4.2.9",
      "resolved": "https://registry.npmjs.org/@types/chai/-/chai-4.2.9.tgz",
      "integrity": "sha512-NeXgZj+MFL4izGqA4sapdYzkzQG+MtGra9vhQ58dnmDY++VgJaRUws+aLVV5zRJCYJl/8s9IjMmhiUw1WsKSmw=="
    },
    "@types/fs-extra": {
      "version": "8.1.0",
      "resolved": "https://registry.npmjs.org/@types/fs-extra/-/fs-extra-8.1.0.tgz",
      "integrity": "sha512-UoOfVEzAUpeSPmjm7h1uk5MH6KZma2z2O7a75onTGjnNvAvMVrPzPL/vBbT65iIGHWj6rokwfmYcmxmlSf2uwg==",
      "requires": {
        "@types/node": "*"
      }
    },
    "@types/minimist": {
      "version": "1.2.0",
      "resolved": "https://registry.npmjs.org/@types/minimist/-/minimist-1.2.0.tgz",
      "integrity": "sha1-aaI6OtKcrwCX8G7aWbNh7i8GOfY="
    },
    "@types/mocha": {
      "version": "5.2.7",
      "resolved": "https://registry.npmjs.org/@types/mocha/-/mocha-5.2.7.tgz",
      "integrity": "sha512-NYrtPht0wGzhwe9+/idPaBB+TqkY9AhTvOLMkThm0IoEfLaiVQZwBwyJ5puCkO3AUCWrmcoePjp2mbFocKy4SQ=="
    },
    "@types/node": {
      "version": "12.12.28",
      "resolved": "https://registry.npmjs.org/@types/node/-/node-12.12.28.tgz",
      "integrity": "sha512-g73GJYJDXgf0jqg+P9S8h2acWbDXNkoCX8DLtJVu7Fkn788pzQ/oJsrdJz/2JejRf/SjfZaAhsw+3nd1D5EWGg=="
    },
    "@types/source-map": {
      "version": "0.5.7",
      "resolved": "https://registry.npmjs.org/@types/source-map/-/source-map-0.5.7.tgz",
      "integrity": "sha512-LrnsgZIfJaysFkv9rRJp4/uAyqw87oVed3s1hhF83nwbo9c7MG9g5DqR0seHP+lkX4ldmMrVolPjQSe2ZfD0yA==",
      "requires": {
        "source-map": "*"
      }
    },
    "@types/source-map-support": {
      "version": "0.5.1",
      "resolved": "https://registry.npmjs.org/@types/source-map-support/-/source-map-support-0.5.1.tgz",
      "integrity": "sha512-VDqnZe9D2zR19qbeRvwYyHSp7AtUtCkTaRVFQ8wzwH9TXw9kKKq/vBhfEnFEXVupO2M0lBMA9mr/XyQ6gEkUOA==",
      "requires": {
        "@types/node": "*"
      }
    },
    "buffer-from": {
      "version": "1.1.1",
      "resolved": "https://registry.npmjs.org/buffer-from/-/buffer-from-1.1.1.tgz",
      "integrity": "sha512-MQcXEUbCKtEo7bhqEs6560Hyd4XaovZlO/k9V3hjVUF/zwW7KBVdSK4gIt/bzwS9MbR5qob+F5jusZsb0YQK2A=="
    },
    "dart-style": {
      "version": "1.3.2-dev",
      "resolved": "https://registry.npmjs.org/dart-style/-/dart-style-1.3.2-dev.tgz",
      "integrity": "sha512-NFI4UQYvG32t/cEkQAdkXT2ZT72tjF61tMWoALmnGwj03d2Co94zwGfbnFfdQUQvrhUNx8Wz2jKSVxGrmFaVJQ=="
    },
    "dart_js_facade_gen": {
      "version": "0.0.7",
      "resolved": "https://registry.npmjs.org/dart_js_facade_gen/-/dart_js_facade_gen-0.0.7.tgz",
      "integrity": "sha512-AZiWsccbzhgJWmBjbFTPuvBhwGXk7AN8nOP91/I8PqUfSvVALiWshDc66TvywNkdNogAE5X8zlxjodw1C3iHpA==",
      "requires": {
        "@types/chai": "^4.2.3",
        "@types/fs-extra": "^8.0.0",
        "@types/minimist": "^1.2.0",
        "@types/mocha": "^5.2.7",
        "@types/node": "^12.7.8",
        "@types/source-map": "^0.5.7",
        "@types/source-map-support": "^0.5.0",
        "dart-style": "^1.3.2-dev",
        "minimist": "^1.2.0",
        "source-map": "^0.7.3",
        "source-map-support": "^0.5.13",
        "typescript": "^3.6.3"
      }
    },
    "minimist": {
      "version": "1.2.0",
      "resolved": "https://registry.npmjs.org/minimist/-/minimist-1.2.0.tgz",
      "integrity": "sha1-o1AIsg9BOD7sH7kU9M1d95omQoQ="
    },
    "network-information-types": {
      "version": "0.1.0",
      "resolved": "https://registry.npmjs.org/network-information-types/-/network-information-types-0.1.0.tgz",
      "integrity": "sha512-cRUCYZoRHTMjYcgk5MbwqM0h0Za34panRxAJKY8n+mQ+NLMuRIw7aKzmaZqkC/cte7bnRcdfTwFA27GgN62EtQ=="
    },
    "source-map": {
      "version": "0.7.3",
      "resolved": "https://registry.npmjs.org/source-map/-/source-map-0.7.3.tgz",
      "integrity": "sha512-CkCj6giN3S+n9qrYiBTX5gystlENnRW5jZeNLHpe6aue+SrHcG5VYwujhW9s4dY31mEGsxBDrHR6oI69fTXsaQ=="
    },
    "source-map-support": {
      "version": "0.5.16",
      "resolved": "https://registry.npmjs.org/source-map-support/-/source-map-support-0.5.16.tgz",
      "integrity": "sha512-efyLRJDr68D9hBBNIPWFjhpFzURh+KJykQwvMyW5UiZzYwoF6l4YMMDIJJEyFWxWCqfyxLzz6tSfUFR+kXXsVQ==",
      "requires": {
        "buffer-from": "^1.0.0",
        "source-map": "^0.6.0"
      },
      "dependencies": {
        "source-map": {
          "version": "0.6.1",
          "resolved": "https://registry.npmjs.org/source-map/-/source-map-0.6.1.tgz",
          "integrity": "sha512-UjgapumWlbMhkBgzT7Ykc5YXUT46F0iKu8SGXq0bcwP5dz/h0Plj6enJqjz1Zbq2l5WaqYnrVbwWOWMyF3F47g=="
        }
      }
    },
    "typescript": {
      "version": "3.8.2",
      "resolved": "https://registry.npmjs.org/typescript/-/typescript-3.8.2.tgz",
      "integrity": "sha512-EgOVgL/4xfVrCMbhYKUQTdF37SQn4Iw73H5BgCrF1Abdun7Kwy/QZsE/ssAy0y4LxBbvua3PIbFsbRczWWnDdQ=="
    }
  }
}
